// !$*UTF8*$!
{
	archiveVersion = 1;
	classes = {
	};
	objectVersion = 46;
	objects = {

/* Begin PBXBuildFile section */
		322C4E5414E314D70012FA78 /* bottom_bar.png in Resources */ = {isa = PBXBuildFile; fileRef = 322C4E5214E314D70012FA78 /* bottom_bar.png */; };
		322C4E5514E314D70012FA78 /* bottom_bar@2x.png in Resources */ = {isa = PBXBuildFile; fileRef = 322C4E5314E314D70012FA78 /* bottom_bar@2x.png */; };
		322C4E5914E31AC50012FA78 /* bottom_bar_smaller.png in Resources */ = {isa = PBXBuildFile; fileRef = 322C4E5714E31AC50012FA78 /* bottom_bar_smaller.png */; };
		322C4E5A14E31AC50012FA78 /* bottom_bar_smaller@2x.png in Resources */ = {isa = PBXBuildFile; fileRef = 322C4E5814E31AC50012FA78 /* bottom_bar_smaller@2x.png */; };
		322C4E5F14E325C00012FA78 /* btn_camera_touch.png in Resources */ = {isa = PBXBuildFile; fileRef = 322C4E5B14E325C00012FA78 /* btn_camera_touch.png */; };
		322C4E6014E325C00012FA78 /* btn_camera_touch@2x.png in Resources */ = {isa = PBXBuildFile; fileRef = 322C4E5C14E325C00012FA78 /* btn_camera_touch@2x.png */; };
		322C4E6114E325C00012FA78 /* btn_camera.png in Resources */ = {isa = PBXBuildFile; fileRef = 322C4E5D14E325C00012FA78 /* btn_camera.png */; };
		322C4E6214E325C00012FA78 /* btn_camera@2x.png in Resources */ = {isa = PBXBuildFile; fileRef = 322C4E5E14E325C00012FA78 /* btn_camera@2x.png */; };
		323B2FD614D765250035BF74 /* UIColor+Emotish.m in Sources */ = {isa = PBXBuildFile; fileRef = 323B2FD514D765250035BF74 /* UIColor+Emotish.m */; };
		323B2FDD14D77B0E0035BF74 /* CoreDataManager.m in Sources */ = {isa = PBXBuildFile; fileRef = 323B2FDC14D77B0E0035BF74 /* CoreDataManager.m */; };
		323B2FE014D77C4A0035BF74 /* User.m in Sources */ = {isa = PBXBuildFile; fileRef = 323B2FDF14D77C4A0035BF74 /* User.m */; };
		323B2FE314D77C4A0035BF74 /* Photo.m in Sources */ = {isa = PBXBuildFile; fileRef = 323B2FE214D77C4A0035BF74 /* Photo.m */; };
		323B2FE614D77C4A0035BF74 /* Feeling.m in Sources */ = {isa = PBXBuildFile; fileRef = 323B2FE514D77C4A0035BF74 /* Feeling.m */; };
		3244017414D99D950056DC81 /* top_bar_with_branding_rounded.png in Resources */ = {isa = PBXBuildFile; fileRef = 3244017214D99D950056DC81 /* top_bar_with_branding_rounded.png */; };
		3244017514D99D950056DC81 /* top_bar_with_branding_rounded@2x.png in Resources */ = {isa = PBXBuildFile; fileRef = 3244017314D99D950056DC81 /* top_bar_with_branding_rounded@2x.png */; };
		3244017B14D9A0F30056DC81 /* icon.png in Resources */ = {isa = PBXBuildFile; fileRef = 3244017A14D9A0F30056DC81 /* icon.png */; };
		3244017D14D9A0F80056DC81 /* icon@2x.png in Resources */ = {isa = PBXBuildFile; fileRef = 3244017C14D9A0F80056DC81 /* icon@2x.png */; };
		3244017F14D9A47D0056DC81 /* Default.png in Resources */ = {isa = PBXBuildFile; fileRef = 3244017E14D9A47D0056DC81 /* Default.png */; };
		3244018114D9A4810056DC81 /* Default@2x.png in Resources */ = {isa = PBXBuildFile; fileRef = 3244018014D9A4810056DC81 /* Default@2x.png */; };
		326127CA14DCC25E001FD065 /* QuartzCore.framework in Frameworks */ = {isa = PBXBuildFile; fileRef = 326127C914DCC25E001FD065 /* QuartzCore.framework */; };
		326127CE14DCCCA4001FD065 /* flag_stretch_arrow.png in Resources */ = {isa = PBXBuildFile; fileRef = 326127CC14DCCCA4001FD065 /* flag_stretch_arrow.png */; };
		326127CF14DCCCA4001FD065 /* flag_stretch_arrow@2x.png in Resources */ = {isa = PBXBuildFile; fileRef = 326127CD14DCCCA4001FD065 /* flag_stretch_arrow@2x.png */; };
		327BE6E814D74EAE0051C549 /* PhotosStripViewController.m in Sources */ = {isa = PBXBuildFile; fileRef = 327BE6E614D74EAE0051C549 /* PhotosStripViewController.m */; };
		327BE6E914D74EAE0051C549 /* PhotosStripViewController.xib in Resources */ = {isa = PBXBuildFile; fileRef = 327BE6E714D74EAE0051C549 /* PhotosStripViewController.xib */; };
		328A4B6D14D86D7500D07DCB /* aggressive-1.jpg in Resources */ = {isa = PBXBuildFile; fileRef = 328A4B1814D86D7500D07DCB /* aggressive-1.jpg */; };
		328A4B6E14D86D7500D07DCB /* aggressive-2.jpg in Resources */ = {isa = PBXBuildFile; fileRef = 328A4B1914D86D7500D07DCB /* aggressive-2.jpg */; };
		328A4B6F14D86D7500D07DCB /* aggressive-3.jpg in Resources */ = {isa = PBXBuildFile; fileRef = 328A4B1A14D86D7500D07DCB /* aggressive-3.jpg */; };
		328A4B7014D86D7500D07DCB /* aggressive-4.jpg in Resources */ = {isa = PBXBuildFile; fileRef = 328A4B1B14D86D7500D07DCB /* aggressive-4.jpg */; };
		328A4B7114D86D7500D07DCB /* aggressive-5.jpg in Resources */ = {isa = PBXBuildFile; fileRef = 328A4B1C14D86D7500D07DCB /* aggressive-5.jpg */; };
		328A4B7214D86D7500D07DCB /* aggressive-6.jpg in Resources */ = {isa = PBXBuildFile; fileRef = 328A4B1D14D86D7500D07DCB /* aggressive-6.jpg */; };
		328A4B7314D86D7500D07DCB /* aggressive-7.jpg in Resources */ = {isa = PBXBuildFile; fileRef = 328A4B1E14D86D7500D07DCB /* aggressive-7.jpg */; };
		328A4B7414D86D7500D07DCB /* aggressive-8.jpg in Resources */ = {isa = PBXBuildFile; fileRef = 328A4B1F14D86D7500D07DCB /* aggressive-8.jpg */; };
		328A4B7514D86D7500D07DCB /* aggressive-9.jpg in Resources */ = {isa = PBXBuildFile; fileRef = 328A4B2014D86D7500D07DCB /* aggressive-9.jpg */; };
		328A4B7614D86D7500D07DCB /* aggressive-10.jpg in Resources */ = {isa = PBXBuildFile; fileRef = 328A4B2114D86D7500D07DCB /* aggressive-10.jpg */; };
		328A4B7714D86D7500D07DCB /* aggressive-11.jpg in Resources */ = {isa = PBXBuildFile; fileRef = 328A4B2214D86D7500D07DCB /* aggressive-11.jpg */; };
		328A4B7814D86D7500D07DCB /* bored-1.jpg in Resources */ = {isa = PBXBuildFile; fileRef = 328A4B2314D86D7500D07DCB /* bored-1.jpg */; };
		328A4B7914D86D7500D07DCB /* bored-2.jpg in Resources */ = {isa = PBXBuildFile; fileRef = 328A4B2414D86D7500D07DCB /* bored-2.jpg */; };
		328A4B7A14D86D7500D07DCB /* bored-3.jpg in Resources */ = {isa = PBXBuildFile; fileRef = 328A4B2514D86D7500D07DCB /* bored-3.jpg */; };
		328A4B7B14D86D7500D07DCB /* bored-4.jpg in Resources */ = {isa = PBXBuildFile; fileRef = 328A4B2614D86D7500D07DCB /* bored-4.jpg */; };
		328A4B7C14D86D7500D07DCB /* bored-5.jpg in Resources */ = {isa = PBXBuildFile; fileRef = 328A4B2714D86D7500D07DCB /* bored-5.jpg */; };
		328A4B7D14D86D7500D07DCB /* bored-6.jpg in Resources */ = {isa = PBXBuildFile; fileRef = 328A4B2814D86D7500D07DCB /* bored-6.jpg */; };
		328A4B7E14D86D7500D07DCB /* bored-7.jpg in Resources */ = {isa = PBXBuildFile; fileRef = 328A4B2914D86D7500D07DCB /* bored-7.jpg */; };
		328A4B7F14D86D7500D07DCB /* bored-8.jpg in Resources */ = {isa = PBXBuildFile; fileRef = 328A4B2A14D86D7500D07DCB /* bored-8.jpg */; };
		328A4B8014D86D7500D07DCB /* bored-9.jpg in Resources */ = {isa = PBXBuildFile; fileRef = 328A4B2B14D86D7500D07DCB /* bored-9.jpg */; };
		328A4B8114D86D7500D07DCB /* bored-10.jpg in Resources */ = {isa = PBXBuildFile; fileRef = 328A4B2C14D86D7500D07DCB /* bored-10.jpg */; };
		328A4B8214D86D7500D07DCB /* bored-11.jpg in Resources */ = {isa = PBXBuildFile; fileRef = 328A4B2D14D86D7500D07DCB /* bored-11.jpg */; };
		328A4B8314D86D7500D07DCB /* bored-12.jpg in Resources */ = {isa = PBXBuildFile; fileRef = 328A4B2E14D86D7500D07DCB /* bored-12.jpg */; };
		328A4B8414D86D7500D07DCB /* clever-1.jpg in Resources */ = {isa = PBXBuildFile; fileRef = 328A4B2F14D86D7500D07DCB /* clever-1.jpg */; };
		328A4B8514D86D7500D07DCB /* clever-2.jpg in Resources */ = {isa = PBXBuildFile; fileRef = 328A4B3014D86D7500D07DCB /* clever-2.jpg */; };
		328A4B8614D86D7500D07DCB /* clever-3.jpg in Resources */ = {isa = PBXBuildFile; fileRef = 328A4B3114D86D7500D07DCB /* clever-3.jpg */; };
		328A4B8714D86D7500D07DCB /* clever-4.jpg in Resources */ = {isa = PBXBuildFile; fileRef = 328A4B3214D86D7500D07DCB /* clever-4.jpg */; };
		328A4B8814D86D7500D07DCB /* content-1.jpg in Resources */ = {isa = PBXBuildFile; fileRef = 328A4B3314D86D7500D07DCB /* content-1.jpg */; };
		328A4B8914D86D7500D07DCB /* content-2.jpg in Resources */ = {isa = PBXBuildFile; fileRef = 328A4B3414D86D7500D07DCB /* content-2.jpg */; };
		328A4B8A14D86D7500D07DCB /* content-3.jpg in Resources */ = {isa = PBXBuildFile; fileRef = 328A4B3514D86D7500D07DCB /* content-3.jpg */; };
		328A4B8B14D86D7500D07DCB /* content-4.jpg in Resources */ = {isa = PBXBuildFile; fileRef = 328A4B3614D86D7500D07DCB /* content-4.jpg */; };
		328A4B8C14D86D7500D07DCB /* euphoric-1.jpg in Resources */ = {isa = PBXBuildFile; fileRef = 328A4B3714D86D7500D07DCB /* euphoric-1.jpg */; };
		328A4B8D14D86D7500D07DCB /* euphoric-2.jpg in Resources */ = {isa = PBXBuildFile; fileRef = 328A4B3814D86D7500D07DCB /* euphoric-2.jpg */; };
		328A4B8E14D86D7500D07DCB /* euphoric-3.jpg in Resources */ = {isa = PBXBuildFile; fileRef = 328A4B3914D86D7500D07DCB /* euphoric-3.jpg */; };
		328A4B8F14D86D7500D07DCB /* euphoric-4.jpg in Resources */ = {isa = PBXBuildFile; fileRef = 328A4B3A14D86D7500D07DCB /* euphoric-4.jpg */; };
		328A4B9014D86D7500D07DCB /* frantic-1.jpg in Resources */ = {isa = PBXBuildFile; fileRef = 328A4B3B14D86D7500D07DCB /* frantic-1.jpg */; };
		328A4B9114D86D7500D07DCB /* frantic-2.jpg in Resources */ = {isa = PBXBuildFile; fileRef = 328A4B3C14D86D7500D07DCB /* frantic-2.jpg */; };
		328A4B9214D86D7500D07DCB /* frantic-3.jpg in Resources */ = {isa = PBXBuildFile; fileRef = 328A4B3D14D86D7500D07DCB /* frantic-3.jpg */; };
		328A4B9314D86D7500D07DCB /* frantic-4.jpg in Resources */ = {isa = PBXBuildFile; fileRef = 328A4B3E14D86D7500D07DCB /* frantic-4.jpg */; };
		328A4B9414D86D7500D07DCB /* frustrated-1.jpg in Resources */ = {isa = PBXBuildFile; fileRef = 328A4B3F14D86D7500D07DCB /* frustrated-1.jpg */; };
		328A4B9514D86D7500D07DCB /* frustrated-2.jpg in Resources */ = {isa = PBXBuildFile; fileRef = 328A4B4014D86D7500D07DCB /* frustrated-2.jpg */; };
		328A4B9614D86D7500D07DCB /* frustrated-4.jpg in Resources */ = {isa = PBXBuildFile; fileRef = 328A4B4114D86D7500D07DCB /* frustrated-4.jpg */; };
		328A4B9714D86D7500D07DCB /* lucky-1.jpg in Resources */ = {isa = PBXBuildFile; fileRef = 328A4B4214D86D7500D07DCB /* lucky-1.jpg */; };
		328A4B9814D86D7500D07DCB /* lucky-2.jpg in Resources */ = {isa = PBXBuildFile; fileRef = 328A4B4314D86D7500D07DCB /* lucky-2.jpg */; };
		328A4B9914D86D7500D07DCB /* lucky-3.jpg in Resources */ = {isa = PBXBuildFile; fileRef = 328A4B4414D86D7500D07DCB /* lucky-3.jpg */; };
		328A4B9A14D86D7500D07DCB /* lucky-4.jpg in Resources */ = {isa = PBXBuildFile; fileRef = 328A4B4514D86D7500D07DCB /* lucky-4.jpg */; };
		328A4B9B14D86D7500D07DCB /* pissedoff-1.jpg in Resources */ = {isa = PBXBuildFile; fileRef = 328A4B4614D86D7500D07DCB /* pissedoff-1.jpg */; };
		328A4B9C14D86D7500D07DCB /* pissedoff-2.jpg in Resources */ = {isa = PBXBuildFile; fileRef = 328A4B4714D86D7500D07DCB /* pissedoff-2.jpg */; };
		328A4B9D14D86D7500D07DCB /* pissedoff-3.jpg in Resources */ = {isa = PBXBuildFile; fileRef = 328A4B4814D86D7500D07DCB /* pissedoff-3.jpg */; };
		328A4B9E14D86D7500D07DCB /* pissedoff-4.jpg in Resources */ = {isa = PBXBuildFile; fileRef = 328A4B4914D86D7500D07DCB /* pissedoff-4.jpg */; };
		328A4B9F14D86D7500D07DCB /* pouting-1.jpg in Resources */ = {isa = PBXBuildFile; fileRef = 328A4B4A14D86D7500D07DCB /* pouting-1.jpg */; };
		328A4BA014D86D7500D07DCB /* pouting-2.jpg in Resources */ = {isa = PBXBuildFile; fileRef = 328A4B4B14D86D7500D07DCB /* pouting-2.jpg */; };
		328A4BA114D86D7500D07DCB /* pouting-3.jpg in Resources */ = {isa = PBXBuildFile; fileRef = 328A4B4C14D86D7500D07DCB /* pouting-3.jpg */; };
		328A4BA214D86D7500D07DCB /* pouting-4.jpg in Resources */ = {isa = PBXBuildFile; fileRef = 328A4B4D14D86D7500D07DCB /* pouting-4.jpg */; };
		328A4BA314D86D7500D07DCB /* silly-1.jpg in Resources */ = {isa = PBXBuildFile; fileRef = 328A4B4E14D86D7500D07DCB /* silly-1.jpg */; };
		328A4BA414D86D7500D07DCB /* silly-2.jpg in Resources */ = {isa = PBXBuildFile; fileRef = 328A4B4F14D86D7500D07DCB /* silly-2.jpg */; };
		328A4BA514D86D7500D07DCB /* silly-3.jpg in Resources */ = {isa = PBXBuildFile; fileRef = 328A4B5014D86D7500D07DCB /* silly-3.jpg */; };
		328A4BA614D86D7500D07DCB /* silly-4.jpg in Resources */ = {isa = PBXBuildFile; fileRef = 328A4B5114D86D7500D07DCB /* silly-4.jpg */; };
		328A4BA714D86D7500D07DCB /* sneaky-1.jpg in Resources */ = {isa = PBXBuildFile; fileRef = 328A4B5214D86D7500D07DCB /* sneaky-1.jpg */; };
		328A4BA814D86D7500D07DCB /* sneaky-2.jpg in Resources */ = {isa = PBXBuildFile; fileRef = 328A4B5314D86D7500D07DCB /* sneaky-2.jpg */; };
		328A4BA914D86D7500D07DCB /* sneaky-3.jpg in Resources */ = {isa = PBXBuildFile; fileRef = 328A4B5414D86D7500D07DCB /* sneaky-3.jpg */; };
		328A4BAA14D86D7500D07DCB /* sneaky-4.jpg in Resources */ = {isa = PBXBuildFile; fileRef = 328A4B5514D86D7500D07DCB /* sneaky-4.jpg */; };
		328A4BAB14D86D7500D07DCB /* sointense-1.jpg in Resources */ = {isa = PBXBuildFile; fileRef = 328A4B5614D86D7500D07DCB /* sointense-1.jpg */; };
		328A4BAC14D86D7500D07DCB /* sointense-2.jpg in Resources */ = {isa = PBXBuildFile; fileRef = 328A4B5714D86D7500D07DCB /* sointense-2.jpg */; };
		328A4BAD14D86D7500D07DCB /* sointense-3.jpg in Resources */ = {isa = PBXBuildFile; fileRef = 328A4B5814D86D7500D07DCB /* sointense-3.jpg */; };
		328A4BAE14D86D7500D07DCB /* sointense-4.jpg in Resources */ = {isa = PBXBuildFile; fileRef = 328A4B5914D86D7500D07DCB /* sointense-4.jpg */; };
		328A4BAF14D86D7500D07DCB /* toocool-1.jpg in Resources */ = {isa = PBXBuildFile; fileRef = 328A4B5A14D86D7500D07DCB /* toocool-1.jpg */; };
		328A4BB014D86D7500D07DCB /* toocool-2.jpg in Resources */ = {isa = PBXBuildFile; fileRef = 328A4B5B14D86D7500D07DCB /* toocool-2.jpg */; };
		328A4BB114D86D7500D07DCB /* toocool-3.jpg in Resources */ = {isa = PBXBuildFile; fileRef = 328A4B5C14D86D7500D07DCB /* toocool-3.jpg */; };
		328A4BB214D86D7500D07DCB /* toocool-4.jpg in Resources */ = {isa = PBXBuildFile; fileRef = 328A4B5D14D86D7500D07DCB /* toocool-4.jpg */; };
		328A4BB314D86D7500D07DCB /* unicorn-1.jpg in Resources */ = {isa = PBXBuildFile; fileRef = 328A4B5E14D86D7500D07DCB /* unicorn-1.jpg */; };
		328A4BB414D86D7500D07DCB /* unicorn-2.jpg in Resources */ = {isa = PBXBuildFile; fileRef = 328A4B5F14D86D7500D07DCB /* unicorn-2.jpg */; };
		328A4BB514D86D7500D07DCB /* unicorn-3.jpg in Resources */ = {isa = PBXBuildFile; fileRef = 328A4B6014D86D7500D07DCB /* unicorn-3.jpg */; };
		328A4BB614D86D7500D07DCB /* unicorn-4.jpg in Resources */ = {isa = PBXBuildFile; fileRef = 328A4B6114D86D7500D07DCB /* unicorn-4.jpg */; };
		328A4BB714D86D7500D07DCB /* unlucky-1.jpg in Resources */ = {isa = PBXBuildFile; fileRef = 328A4B6214D86D7500D07DCB /* unlucky-1.jpg */; };
		328A4BB814D86D7500D07DCB /* unlucky-3.jpg in Resources */ = {isa = PBXBuildFile; fileRef = 328A4B6314D86D7500D07DCB /* unlucky-3.jpg */; };
		328A4BB914D86D7500D07DCB /* unlucky-4.jpg in Resources */ = {isa = PBXBuildFile; fileRef = 328A4B6414D86D7500D07DCB /* unlucky-4.jpg */; };
		328A4BBA14D86D7500D07DCB /* utterdespair-1.jpg in Resources */ = {isa = PBXBuildFile; fileRef = 328A4B6514D86D7500D07DCB /* utterdespair-1.jpg */; };
		328A4BBB14D86D7500D07DCB /* utterdespair-2.jpg in Resources */ = {isa = PBXBuildFile; fileRef = 328A4B6614D86D7500D07DCB /* utterdespair-2.jpg */; };
		328A4BBC14D86D7500D07DCB /* utterdespair-3.jpg in Resources */ = {isa = PBXBuildFile; fileRef = 328A4B6714D86D7500D07DCB /* utterdespair-3.jpg */; };
		328A4BBD14D86D7500D07DCB /* utterdespair-4.jpg in Resources */ = {isa = PBXBuildFile; fileRef = 328A4B6814D86D7500D07DCB /* utterdespair-4.jpg */; };
		328A4BBE14D86D7500D07DCB /* vindictive-1.jpg in Resources */ = {isa = PBXBuildFile; fileRef = 328A4B6914D86D7500D07DCB /* vindictive-1.jpg */; };
		328A4BBF14D86D7500D07DCB /* vindictive-2.jpg in Resources */ = {isa = PBXBuildFile; fileRef = 328A4B6A14D86D7500D07DCB /* vindictive-2.jpg */; };
		328A4BC014D86D7500D07DCB /* vindictive-3.jpg in Resources */ = {isa = PBXBuildFile; fileRef = 328A4B6B14D86D7500D07DCB /* vindictive-3.jpg */; };
		328A4BC114D86D7500D07DCB /* vindictive-4.jpg in Resources */ = {isa = PBXBuildFile; fileRef = 328A4B6C14D86D7500D07DCB /* vindictive-4.jpg */; };
		3299A14614D0967A0017FAEF /* GalleryFeelingCell.m in Sources */ = {isa = PBXBuildFile; fileRef = 3299A14514D0967A0017FAEF /* GalleryFeelingCell.m */; };
		3299A14914D096890017FAEF /* GalleryFeelingImageCell.m in Sources */ = {isa = PBXBuildFile; fileRef = 3299A14814D096890017FAEF /* GalleryFeelingImageCell.m */; };
		329D112F14D9B0BD00F69263 /* PhotoView.m in Sources */ = {isa = PBXBuildFile; fileRef = 329D112E14D9B0BD00F69263 /* PhotoView.m */; };
		329D113214D9DBF900F69263 /* ClipView.m in Sources */ = {isa = PBXBuildFile; fileRef = 329D113114D9DBF900F69263 /* ClipView.m */; };
		329E2C4314DCBCE5004AE89D /* FlagStretchView.m in Sources */ = {isa = PBXBuildFile; fileRef = 329E2C4214DCBCE5004AE89D /* FlagStretchView.m */; };
		32E2F1EC14D0929F00191C6F /* UIKit.framework in Frameworks */ = {isa = PBXBuildFile; fileRef = 32E2F1EB14D0929F00191C6F /* UIKit.framework */; };
		32E2F1EE14D0929F00191C6F /* Foundation.framework in Frameworks */ = {isa = PBXBuildFile; fileRef = 32E2F1ED14D0929F00191C6F /* Foundation.framework */; };
		32E2F1F014D0929F00191C6F /* CoreGraphics.framework in Frameworks */ = {isa = PBXBuildFile; fileRef = 32E2F1EF14D0929F00191C6F /* CoreGraphics.framework */; };
		32E2F1F214D0929F00191C6F /* CoreData.framework in Frameworks */ = {isa = PBXBuildFile; fileRef = 32E2F1F114D0929F00191C6F /* CoreData.framework */; };
		32E2F1F814D0929F00191C6F /* InfoPlist.strings in Resources */ = {isa = PBXBuildFile; fileRef = 32E2F1F614D0929F00191C6F /* InfoPlist.strings */; };
		32E2F1FA14D0929F00191C6F /* main.m in Sources */ = {isa = PBXBuildFile; fileRef = 32E2F1F914D0929F00191C6F /* main.m */; };
		32E2F1FE14D0929F00191C6F /* EmotishAppDelegate.m in Sources */ = {isa = PBXBuildFile; fileRef = 32E2F1FD14D0929F00191C6F /* EmotishAppDelegate.m */; };
		32E2F20114D0929F00191C6F /* Emotish.xcdatamodeld in Sources */ = {isa = PBXBuildFile; fileRef = 32E2F1FF14D0929F00191C6F /* Emotish.xcdatamodeld */; };
		32E2F20E14D0931400191C6F /* GalleryViewController.m in Sources */ = {isa = PBXBuildFile; fileRef = 32E2F20C14D0931400191C6F /* GalleryViewController.m */; };
		32E2F20F14D0931400191C6F /* GalleryViewController.xib in Resources */ = {isa = PBXBuildFile; fileRef = 32E2F20D14D0931400191C6F /* GalleryViewController.xib */; };
/* End PBXBuildFile section */

/* Begin PBXFileReference section */
		322C4E5214E314D70012FA78 /* bottom_bar.png */ = {isa = PBXFileReference; lastKnownFileType = image.png; path = bottom_bar.png; sourceTree = "<group>"; };
		322C4E5314E314D70012FA78 /* bottom_bar@2x.png */ = {isa = PBXFileReference; lastKnownFileType = image.png; path = "bottom_bar@2x.png"; sourceTree = "<group>"; };
		322C4E5714E31AC50012FA78 /* bottom_bar_smaller.png */ = {isa = PBXFileReference; lastKnownFileType = image.png; path = bottom_bar_smaller.png; sourceTree = "<group>"; };
		322C4E5814E31AC50012FA78 /* bottom_bar_smaller@2x.png */ = {isa = PBXFileReference; lastKnownFileType = image.png; path = "bottom_bar_smaller@2x.png"; sourceTree = "<group>"; };
		322C4E5B14E325C00012FA78 /* btn_camera_touch.png */ = {isa = PBXFileReference; lastKnownFileType = image.png; path = btn_camera_touch.png; sourceTree = "<group>"; };
		322C4E5C14E325C00012FA78 /* btn_camera_touch@2x.png */ = {isa = PBXFileReference; lastKnownFileType = image.png; path = "btn_camera_touch@2x.png"; sourceTree = "<group>"; };
		322C4E5D14E325C00012FA78 /* btn_camera.png */ = {isa = PBXFileReference; lastKnownFileType = image.png; path = btn_camera.png; sourceTree = "<group>"; };
		322C4E5E14E325C00012FA78 /* btn_camera@2x.png */ = {isa = PBXFileReference; lastKnownFileType = image.png; path = "btn_camera@2x.png"; sourceTree = "<group>"; };
		323B2FCD14D753F00035BF74 /* Emotish 001.xcdatamodel */ = {isa = PBXFileReference; lastKnownFileType = wrapper.xcdatamodel; path = "Emotish 001.xcdatamodel"; sourceTree = "<group>"; };
		323B2FD414D765250035BF74 /* UIColor+Emotish.h */ = {isa = PBXFileReference; fileEncoding = 4; lastKnownFileType = sourcecode.c.h; name = "UIColor+Emotish.h"; path = "classes/UIColor+Emotish.h"; sourceTree = "<group>"; };
		323B2FD514D765250035BF74 /* UIColor+Emotish.m */ = {isa = PBXFileReference; fileEncoding = 4; lastKnownFileType = sourcecode.c.objc; name = "UIColor+Emotish.m"; path = "classes/UIColor+Emotish.m"; sourceTree = "<group>"; };
		323B2FDB14D77B0E0035BF74 /* CoreDataManager.h */ = {isa = PBXFileReference; fileEncoding = 4; lastKnownFileType = sourcecode.c.h; name = CoreDataManager.h; path = classes/CoreDataManager.h; sourceTree = "<group>"; };
		323B2FDC14D77B0E0035BF74 /* CoreDataManager.m */ = {isa = PBXFileReference; fileEncoding = 4; lastKnownFileType = sourcecode.c.objc; name = CoreDataManager.m; path = classes/CoreDataManager.m; sourceTree = "<group>"; };
		323B2FDE14D77C4A0035BF74 /* User.h */ = {isa = PBXFileReference; fileEncoding = 4; lastKnownFileType = sourcecode.c.h; name = User.h; path = classes/User.h; sourceTree = "<group>"; };
		323B2FDF14D77C4A0035BF74 /* User.m */ = {isa = PBXFileReference; fileEncoding = 4; lastKnownFileType = sourcecode.c.objc; name = User.m; path = classes/User.m; sourceTree = "<group>"; };
		323B2FE114D77C4A0035BF74 /* Photo.h */ = {isa = PBXFileReference; fileEncoding = 4; lastKnownFileType = sourcecode.c.h; name = Photo.h; path = classes/Photo.h; sourceTree = "<group>"; };
		323B2FE214D77C4A0035BF74 /* Photo.m */ = {isa = PBXFileReference; fileEncoding = 4; lastKnownFileType = sourcecode.c.objc; name = Photo.m; path = classes/Photo.m; sourceTree = "<group>"; };
		323B2FE414D77C4A0035BF74 /* Feeling.h */ = {isa = PBXFileReference; fileEncoding = 4; lastKnownFileType = sourcecode.c.h; name = Feeling.h; path = classes/Feeling.h; sourceTree = "<group>"; };
		323B2FE514D77C4A0035BF74 /* Feeling.m */ = {isa = PBXFileReference; fileEncoding = 4; lastKnownFileType = sourcecode.c.objc; name = Feeling.m; path = classes/Feeling.m; sourceTree = "<group>"; };
		3241E5EC14D3340B00D46F63 /* ViewConstants.h */ = {isa = PBXFileReference; fileEncoding = 4; lastKnownFileType = sourcecode.c.h; name = ViewConstants.h; path = classes/ViewConstants.h; sourceTree = "<group>"; };
		3244017214D99D950056DC81 /* top_bar_with_branding_rounded.png */ = {isa = PBXFileReference; lastKnownFileType = image.png; path = top_bar_with_branding_rounded.png; sourceTree = "<group>"; };
		3244017314D99D950056DC81 /* top_bar_with_branding_rounded@2x.png */ = {isa = PBXFileReference; lastKnownFileType = image.png; path = "top_bar_with_branding_rounded@2x.png"; sourceTree = "<group>"; };
		3244017A14D9A0F30056DC81 /* icon.png */ = {isa = PBXFileReference; lastKnownFileType = image.png; path = icon.png; sourceTree = "<group>"; };
		3244017C14D9A0F80056DC81 /* icon@2x.png */ = {isa = PBXFileReference; lastKnownFileType = image.png; path = "icon@2x.png"; sourceTree = "<group>"; };
		3244017E14D9A47D0056DC81 /* Default.png */ = {isa = PBXFileReference; lastKnownFileType = image.png; path = Default.png; sourceTree = "<group>"; };
		3244018014D9A4810056DC81 /* Default@2x.png */ = {isa = PBXFileReference; lastKnownFileType = image.png; path = "Default@2x.png"; sourceTree = "<group>"; };
		326127C914DCC25E001FD065 /* QuartzCore.framework */ = {isa = PBXFileReference; lastKnownFileType = wrapper.framework; name = QuartzCore.framework; path = System/Library/Frameworks/QuartzCore.framework; sourceTree = SDKROOT; };
		326127CC14DCCCA4001FD065 /* flag_stretch_arrow.png */ = {isa = PBXFileReference; lastKnownFileType = image.png; path = flag_stretch_arrow.png; sourceTree = "<group>"; };
		326127CD14DCCCA4001FD065 /* flag_stretch_arrow@2x.png */ = {isa = PBXFileReference; lastKnownFileType = image.png; path = "flag_stretch_arrow@2x.png"; sourceTree = "<group>"; };
		3263210C14DC7AE400E2E10A /* Emotish 002.xcdatamodel */ = {isa = PBXFileReference; lastKnownFileType = wrapper.xcdatamodel; path = "Emotish 002.xcdatamodel"; sourceTree = "<group>"; };
		327BE6E514D74EAE0051C549 /* PhotosStripViewController.h */ = {isa = PBXFileReference; fileEncoding = 4; lastKnownFileType = sourcecode.c.h; name = PhotosStripViewController.h; path = classes/PhotosStripViewController.h; sourceTree = "<group>"; };
		327BE6E614D74EAE0051C549 /* PhotosStripViewController.m */ = {isa = PBXFileReference; fileEncoding = 4; lastKnownFileType = sourcecode.c.objc; name = PhotosStripViewController.m; path = classes/PhotosStripViewController.m; sourceTree = "<group>"; };
		327BE6E714D74EAE0051C549 /* PhotosStripViewController.xib */ = {isa = PBXFileReference; fileEncoding = 4; lastKnownFileType = file.xib; name = PhotosStripViewController.xib; path = classes/PhotosStripViewController.xib; sourceTree = "<group>"; };
		328A4B1814D86D7500D07DCB /* aggressive-1.jpg */ = {isa = PBXFileReference; lastKnownFileType = image.jpeg; path = "aggressive-1.jpg"; sourceTree = "<group>"; };
		328A4B1914D86D7500D07DCB /* aggressive-2.jpg */ = {isa = PBXFileReference; lastKnownFileType = image.jpeg; path = "aggressive-2.jpg"; sourceTree = "<group>"; };
		328A4B1A14D86D7500D07DCB /* aggressive-3.jpg */ = {isa = PBXFileReference; lastKnownFileType = image.jpeg; path = "aggressive-3.jpg"; sourceTree = "<group>"; };
		328A4B1B14D86D7500D07DCB /* aggressive-4.jpg */ = {isa = PBXFileReference; lastKnownFileType = image.jpeg; path = "aggressive-4.jpg"; sourceTree = "<group>"; };
		328A4B1C14D86D7500D07DCB /* aggressive-5.jpg */ = {isa = PBXFileReference; lastKnownFileType = image.jpeg; path = "aggressive-5.jpg"; sourceTree = "<group>"; };
		328A4B1D14D86D7500D07DCB /* aggressive-6.jpg */ = {isa = PBXFileReference; lastKnownFileType = image.jpeg; path = "aggressive-6.jpg"; sourceTree = "<group>"; };
		328A4B1E14D86D7500D07DCB /* aggressive-7.jpg */ = {isa = PBXFileReference; lastKnownFileType = image.jpeg; path = "aggressive-7.jpg"; sourceTree = "<group>"; };
		328A4B1F14D86D7500D07DCB /* aggressive-8.jpg */ = {isa = PBXFileReference; lastKnownFileType = image.jpeg; path = "aggressive-8.jpg"; sourceTree = "<group>"; };
		328A4B2014D86D7500D07DCB /* aggressive-9.jpg */ = {isa = PBXFileReference; lastKnownFileType = image.jpeg; path = "aggressive-9.jpg"; sourceTree = "<group>"; };
		328A4B2114D86D7500D07DCB /* aggressive-10.jpg */ = {isa = PBXFileReference; lastKnownFileType = image.jpeg; path = "aggressive-10.jpg"; sourceTree = "<group>"; };
		328A4B2214D86D7500D07DCB /* aggressive-11.jpg */ = {isa = PBXFileReference; lastKnownFileType = image.jpeg; path = "aggressive-11.jpg"; sourceTree = "<group>"; };
		328A4B2314D86D7500D07DCB /* bored-1.jpg */ = {isa = PBXFileReference; lastKnownFileType = image.jpeg; path = "bored-1.jpg"; sourceTree = "<group>"; };
		328A4B2414D86D7500D07DCB /* bored-2.jpg */ = {isa = PBXFileReference; lastKnownFileType = image.jpeg; path = "bored-2.jpg"; sourceTree = "<group>"; };
		328A4B2514D86D7500D07DCB /* bored-3.jpg */ = {isa = PBXFileReference; lastKnownFileType = image.jpeg; path = "bored-3.jpg"; sourceTree = "<group>"; };
		328A4B2614D86D7500D07DCB /* bored-4.jpg */ = {isa = PBXFileReference; lastKnownFileType = image.jpeg; path = "bored-4.jpg"; sourceTree = "<group>"; };
		328A4B2714D86D7500D07DCB /* bored-5.jpg */ = {isa = PBXFileReference; lastKnownFileType = image.jpeg; path = "bored-5.jpg"; sourceTree = "<group>"; };
		328A4B2814D86D7500D07DCB /* bored-6.jpg */ = {isa = PBXFileReference; lastKnownFileType = image.jpeg; path = "bored-6.jpg"; sourceTree = "<group>"; };
		328A4B2914D86D7500D07DCB /* bored-7.jpg */ = {isa = PBXFileReference; lastKnownFileType = image.jpeg; path = "bored-7.jpg"; sourceTree = "<group>"; };
		328A4B2A14D86D7500D07DCB /* bored-8.jpg */ = {isa = PBXFileReference; lastKnownFileType = image.jpeg; path = "bored-8.jpg"; sourceTree = "<group>"; };
		328A4B2B14D86D7500D07DCB /* bored-9.jpg */ = {isa = PBXFileReference; lastKnownFileType = image.jpeg; path = "bored-9.jpg"; sourceTree = "<group>"; };
		328A4B2C14D86D7500D07DCB /* bored-10.jpg */ = {isa = PBXFileReference; lastKnownFileType = image.jpeg; path = "bored-10.jpg"; sourceTree = "<group>"; };
		328A4B2D14D86D7500D07DCB /* bored-11.jpg */ = {isa = PBXFileReference; lastKnownFileType = image.jpeg; path = "bored-11.jpg"; sourceTree = "<group>"; };
		328A4B2E14D86D7500D07DCB /* bored-12.jpg */ = {isa = PBXFileReference; lastKnownFileType = image.jpeg; path = "bored-12.jpg"; sourceTree = "<group>"; };
		328A4B2F14D86D7500D07DCB /* clever-1.jpg */ = {isa = PBXFileReference; lastKnownFileType = image.jpeg; path = "clever-1.jpg"; sourceTree = "<group>"; };
		328A4B3014D86D7500D07DCB /* clever-2.jpg */ = {isa = PBXFileReference; lastKnownFileType = image.jpeg; path = "clever-2.jpg"; sourceTree = "<group>"; };
		328A4B3114D86D7500D07DCB /* clever-3.jpg */ = {isa = PBXFileReference; lastKnownFileType = image.jpeg; path = "clever-3.jpg"; sourceTree = "<group>"; };
		328A4B3214D86D7500D07DCB /* clever-4.jpg */ = {isa = PBXFileReference; lastKnownFileType = image.jpeg; path = "clever-4.jpg"; sourceTree = "<group>"; };
		328A4B3314D86D7500D07DCB /* content-1.jpg */ = {isa = PBXFileReference; lastKnownFileType = image.jpeg; path = "content-1.jpg"; sourceTree = "<group>"; };
		328A4B3414D86D7500D07DCB /* content-2.jpg */ = {isa = PBXFileReference; lastKnownFileType = image.jpeg; path = "content-2.jpg"; sourceTree = "<group>"; };
		328A4B3514D86D7500D07DCB /* content-3.jpg */ = {isa = PBXFileReference; lastKnownFileType = image.jpeg; path = "content-3.jpg"; sourceTree = "<group>"; };
		328A4B3614D86D7500D07DCB /* content-4.jpg */ = {isa = PBXFileReference; lastKnownFileType = image.jpeg; path = "content-4.jpg"; sourceTree = "<group>"; };
		328A4B3714D86D7500D07DCB /* euphoric-1.jpg */ = {isa = PBXFileReference; lastKnownFileType = image.jpeg; path = "euphoric-1.jpg"; sourceTree = "<group>"; };
		328A4B3814D86D7500D07DCB /* euphoric-2.jpg */ = {isa = PBXFileReference; lastKnownFileType = image.jpeg; path = "euphoric-2.jpg"; sourceTree = "<group>"; };
		328A4B3914D86D7500D07DCB /* euphoric-3.jpg */ = {isa = PBXFileReference; lastKnownFileType = image.jpeg; path = "euphoric-3.jpg"; sourceTree = "<group>"; };
		328A4B3A14D86D7500D07DCB /* euphoric-4.jpg */ = {isa = PBXFileReference; lastKnownFileType = image.jpeg; path = "euphoric-4.jpg"; sourceTree = "<group>"; };
		328A4B3B14D86D7500D07DCB /* frantic-1.jpg */ = {isa = PBXFileReference; lastKnownFileType = image.jpeg; path = "frantic-1.jpg"; sourceTree = "<group>"; };
		328A4B3C14D86D7500D07DCB /* frantic-2.jpg */ = {isa = PBXFileReference; lastKnownFileType = image.jpeg; path = "frantic-2.jpg"; sourceTree = "<group>"; };
		328A4B3D14D86D7500D07DCB /* frantic-3.jpg */ = {isa = PBXFileReference; lastKnownFileType = image.jpeg; path = "frantic-3.jpg"; sourceTree = "<group>"; };
		328A4B3E14D86D7500D07DCB /* frantic-4.jpg */ = {isa = PBXFileReference; lastKnownFileType = image.jpeg; path = "frantic-4.jpg"; sourceTree = "<group>"; };
		328A4B3F14D86D7500D07DCB /* frustrated-1.jpg */ = {isa = PBXFileReference; lastKnownFileType = image.jpeg; path = "frustrated-1.jpg"; sourceTree = "<group>"; };
		328A4B4014D86D7500D07DCB /* frustrated-2.jpg */ = {isa = PBXFileReference; lastKnownFileType = image.jpeg; path = "frustrated-2.jpg"; sourceTree = "<group>"; };
		328A4B4114D86D7500D07DCB /* frustrated-4.jpg */ = {isa = PBXFileReference; lastKnownFileType = image.jpeg; path = "frustrated-4.jpg"; sourceTree = "<group>"; };
		328A4B4214D86D7500D07DCB /* lucky-1.jpg */ = {isa = PBXFileReference; lastKnownFileType = image.jpeg; path = "lucky-1.jpg"; sourceTree = "<group>"; };
		328A4B4314D86D7500D07DCB /* lucky-2.jpg */ = {isa = PBXFileReference; lastKnownFileType = image.jpeg; path = "lucky-2.jpg"; sourceTree = "<group>"; };
		328A4B4414D86D7500D07DCB /* lucky-3.jpg */ = {isa = PBXFileReference; lastKnownFileType = image.jpeg; path = "lucky-3.jpg"; sourceTree = "<group>"; };
		328A4B4514D86D7500D07DCB /* lucky-4.jpg */ = {isa = PBXFileReference; lastKnownFileType = image.jpeg; path = "lucky-4.jpg"; sourceTree = "<group>"; };
		328A4B4614D86D7500D07DCB /* pissedoff-1.jpg */ = {isa = PBXFileReference; lastKnownFileType = image.jpeg; path = "pissedoff-1.jpg"; sourceTree = "<group>"; };
		328A4B4714D86D7500D07DCB /* pissedoff-2.jpg */ = {isa = PBXFileReference; lastKnownFileType = image.jpeg; path = "pissedoff-2.jpg"; sourceTree = "<group>"; };
		328A4B4814D86D7500D07DCB /* pissedoff-3.jpg */ = {isa = PBXFileReference; lastKnownFileType = image.jpeg; path = "pissedoff-3.jpg"; sourceTree = "<group>"; };
		328A4B4914D86D7500D07DCB /* pissedoff-4.jpg */ = {isa = PBXFileReference; lastKnownFileType = image.jpeg; path = "pissedoff-4.jpg"; sourceTree = "<group>"; };
		328A4B4A14D86D7500D07DCB /* pouting-1.jpg */ = {isa = PBXFileReference; lastKnownFileType = image.jpeg; path = "pouting-1.jpg"; sourceTree = "<group>"; };
		328A4B4B14D86D7500D07DCB /* pouting-2.jpg */ = {isa = PBXFileReference; lastKnownFileType = image.jpeg; path = "pouting-2.jpg"; sourceTree = "<group>"; };
		328A4B4C14D86D7500D07DCB /* pouting-3.jpg */ = {isa = PBXFileReference; lastKnownFileType = image.jpeg; path = "pouting-3.jpg"; sourceTree = "<group>"; };
		328A4B4D14D86D7500D07DCB /* pouting-4.jpg */ = {isa = PBXFileReference; lastKnownFileType = image.jpeg; path = "pouting-4.jpg"; sourceTree = "<group>"; };
		328A4B4E14D86D7500D07DCB /* silly-1.jpg */ = {isa = PBXFileReference; lastKnownFileType = image.jpeg; path = "silly-1.jpg"; sourceTree = "<group>"; };
		328A4B4F14D86D7500D07DCB /* silly-2.jpg */ = {isa = PBXFileReference; lastKnownFileType = image.jpeg; path = "silly-2.jpg"; sourceTree = "<group>"; };
		328A4B5014D86D7500D07DCB /* silly-3.jpg */ = {isa = PBXFileReference; lastKnownFileType = image.jpeg; path = "silly-3.jpg"; sourceTree = "<group>"; };
		328A4B5114D86D7500D07DCB /* silly-4.jpg */ = {isa = PBXFileReference; lastKnownFileType = image.jpeg; path = "silly-4.jpg"; sourceTree = "<group>"; };
		328A4B5214D86D7500D07DCB /* sneaky-1.jpg */ = {isa = PBXFileReference; lastKnownFileType = image.jpeg; path = "sneaky-1.jpg"; sourceTree = "<group>"; };
		328A4B5314D86D7500D07DCB /* sneaky-2.jpg */ = {isa = PBXFileReference; lastKnownFileType = image.jpeg; path = "sneaky-2.jpg"; sourceTree = "<group>"; };
		328A4B5414D86D7500D07DCB /* sneaky-3.jpg */ = {isa = PBXFileReference; lastKnownFileType = image.jpeg; path = "sneaky-3.jpg"; sourceTree = "<group>"; };
		328A4B5514D86D7500D07DCB /* sneaky-4.jpg */ = {isa = PBXFileReference; lastKnownFileType = image.jpeg; path = "sneaky-4.jpg"; sourceTree = "<group>"; };
		328A4B5614D86D7500D07DCB /* sointense-1.jpg */ = {isa = PBXFileReference; lastKnownFileType = image.jpeg; path = "sointense-1.jpg"; sourceTree = "<group>"; };
		328A4B5714D86D7500D07DCB /* sointense-2.jpg */ = {isa = PBXFileReference; lastKnownFileType = image.jpeg; path = "sointense-2.jpg"; sourceTree = "<group>"; };
		328A4B5814D86D7500D07DCB /* sointense-3.jpg */ = {isa = PBXFileReference; lastKnownFileType = image.jpeg; path = "sointense-3.jpg"; sourceTree = "<group>"; };
		328A4B5914D86D7500D07DCB /* sointense-4.jpg */ = {isa = PBXFileReference; lastKnownFileType = image.jpeg; path = "sointense-4.jpg"; sourceTree = "<group>"; };
		328A4B5A14D86D7500D07DCB /* toocool-1.jpg */ = {isa = PBXFileReference; lastKnownFileType = image.jpeg; path = "toocool-1.jpg"; sourceTree = "<group>"; };
		328A4B5B14D86D7500D07DCB /* toocool-2.jpg */ = {isa = PBXFileReference; lastKnownFileType = image.jpeg; path = "toocool-2.jpg"; sourceTree = "<group>"; };
		328A4B5C14D86D7500D07DCB /* toocool-3.jpg */ = {isa = PBXFileReference; lastKnownFileType = image.jpeg; path = "toocool-3.jpg"; sourceTree = "<group>"; };
		328A4B5D14D86D7500D07DCB /* toocool-4.jpg */ = {isa = PBXFileReference; lastKnownFileType = image.jpeg; path = "toocool-4.jpg"; sourceTree = "<group>"; };
		328A4B5E14D86D7500D07DCB /* unicorn-1.jpg */ = {isa = PBXFileReference; lastKnownFileType = image.jpeg; path = "unicorn-1.jpg"; sourceTree = "<group>"; };
		328A4B5F14D86D7500D07DCB /* unicorn-2.jpg */ = {isa = PBXFileReference; lastKnownFileType = image.jpeg; path = "unicorn-2.jpg"; sourceTree = "<group>"; };
		328A4B6014D86D7500D07DCB /* unicorn-3.jpg */ = {isa = PBXFileReference; lastKnownFileType = image.jpeg; path = "unicorn-3.jpg"; sourceTree = "<group>"; };
		328A4B6114D86D7500D07DCB /* unicorn-4.jpg */ = {isa = PBXFileReference; lastKnownFileType = image.jpeg; path = "unicorn-4.jpg"; sourceTree = "<group>"; };
		328A4B6214D86D7500D07DCB /* unlucky-1.jpg */ = {isa = PBXFileReference; lastKnownFileType = image.jpeg; path = "unlucky-1.jpg"; sourceTree = "<group>"; };
		328A4B6314D86D7500D07DCB /* unlucky-3.jpg */ = {isa = PBXFileReference; lastKnownFileType = image.jpeg; path = "unlucky-3.jpg"; sourceTree = "<group>"; };
		328A4B6414D86D7500D07DCB /* unlucky-4.jpg */ = {isa = PBXFileReference; lastKnownFileType = image.jpeg; path = "unlucky-4.jpg"; sourceTree = "<group>"; };
		328A4B6514D86D7500D07DCB /* utterdespair-1.jpg */ = {isa = PBXFileReference; lastKnownFileType = image.jpeg; path = "utterdespair-1.jpg"; sourceTree = "<group>"; };
		328A4B6614D86D7500D07DCB /* utterdespair-2.jpg */ = {isa = PBXFileReference; lastKnownFileType = image.jpeg; path = "utterdespair-2.jpg"; sourceTree = "<group>"; };
		328A4B6714D86D7500D07DCB /* utterdespair-3.jpg */ = {isa = PBXFileReference; lastKnownFileType = image.jpeg; path = "utterdespair-3.jpg"; sourceTree = "<group>"; };
		328A4B6814D86D7500D07DCB /* utterdespair-4.jpg */ = {isa = PBXFileReference; lastKnownFileType = image.jpeg; path = "utterdespair-4.jpg"; sourceTree = "<group>"; };
		328A4B6914D86D7500D07DCB /* vindictive-1.jpg */ = {isa = PBXFileReference; lastKnownFileType = image.jpeg; path = "vindictive-1.jpg"; sourceTree = "<group>"; };
		328A4B6A14D86D7500D07DCB /* vindictive-2.jpg */ = {isa = PBXFileReference; lastKnownFileType = image.jpeg; path = "vindictive-2.jpg"; sourceTree = "<group>"; };
		328A4B6B14D86D7500D07DCB /* vindictive-3.jpg */ = {isa = PBXFileReference; lastKnownFileType = image.jpeg; path = "vindictive-3.jpg"; sourceTree = "<group>"; };
		328A4B6C14D86D7500D07DCB /* vindictive-4.jpg */ = {isa = PBXFileReference; lastKnownFileType = image.jpeg; path = "vindictive-4.jpg"; sourceTree = "<group>"; };
		3299A14214D095B20017FAEF /* GalleryConstants.h */ = {isa = PBXFileReference; fileEncoding = 4; lastKnownFileType = sourcecode.c.h; name = GalleryConstants.h; path = classes/GalleryConstants.h; sourceTree = "<group>"; };
		3299A14414D0967A0017FAEF /* GalleryFeelingCell.h */ = {isa = PBXFileReference; fileEncoding = 4; lastKnownFileType = sourcecode.c.h; name = GalleryFeelingCell.h; path = classes/GalleryFeelingCell.h; sourceTree = "<group>"; };
		3299A14514D0967A0017FAEF /* GalleryFeelingCell.m */ = {isa = PBXFileReference; fileEncoding = 4; lastKnownFileType = sourcecode.c.objc; name = GalleryFeelingCell.m; path = classes/GalleryFeelingCell.m; sourceTree = "<group>"; };
		3299A14714D096890017FAEF /* GalleryFeelingImageCell.h */ = {isa = PBXFileReference; fileEncoding = 4; lastKnownFileType = sourcecode.c.h; name = GalleryFeelingImageCell.h; path = classes/GalleryFeelingImageCell.h; sourceTree = "<group>"; };
		3299A14814D096890017FAEF /* GalleryFeelingImageCell.m */ = {isa = PBXFileReference; fileEncoding = 4; lastKnownFileType = sourcecode.c.objc; name = GalleryFeelingImageCell.m; path = classes/GalleryFeelingImageCell.m; sourceTree = "<group>"; };
		329D112D14D9B0BD00F69263 /* PhotoView.h */ = {isa = PBXFileReference; fileEncoding = 4; lastKnownFileType = sourcecode.c.h; name = PhotoView.h; path = classes/PhotoView.h; sourceTree = "<group>"; };
		329D112E14D9B0BD00F69263 /* PhotoView.m */ = {isa = PBXFileReference; fileEncoding = 4; lastKnownFileType = sourcecode.c.objc; name = PhotoView.m; path = classes/PhotoView.m; sourceTree = "<group>"; };
		329D113014D9DBF900F69263 /* ClipView.h */ = {isa = PBXFileReference; fileEncoding = 4; lastKnownFileType = sourcecode.c.h; name = ClipView.h; path = classes/ClipView.h; sourceTree = "<group>"; };
		329D113114D9DBF900F69263 /* ClipView.m */ = {isa = PBXFileReference; fileEncoding = 4; lastKnownFileType = sourcecode.c.objc; name = ClipView.m; path = classes/ClipView.m; sourceTree = "<group>"; };
		329E2C4114DCBCE5004AE89D /* FlagStretchView.h */ = {isa = PBXFileReference; fileEncoding = 4; lastKnownFileType = sourcecode.c.h; name = FlagStretchView.h; path = classes/FlagStretchView.h; sourceTree = "<group>"; };
		329E2C4214DCBCE5004AE89D /* FlagStretchView.m */ = {isa = PBXFileReference; fileEncoding = 4; lastKnownFileType = sourcecode.c.objc; name = FlagStretchView.m; path = classes/FlagStretchView.m; sourceTree = "<group>"; };
		32E2F1E714D0929F00191C6F /* Emotish.app */ = {isa = PBXFileReference; explicitFileType = wrapper.application; includeInIndex = 0; path = Emotish.app; sourceTree = BUILT_PRODUCTS_DIR; };
		32E2F1EB14D0929F00191C6F /* UIKit.framework */ = {isa = PBXFileReference; lastKnownFileType = wrapper.framework; name = UIKit.framework; path = System/Library/Frameworks/UIKit.framework; sourceTree = SDKROOT; };
		32E2F1ED14D0929F00191C6F /* Foundation.framework */ = {isa = PBXFileReference; lastKnownFileType = wrapper.framework; name = Foundation.framework; path = System/Library/Frameworks/Foundation.framework; sourceTree = SDKROOT; };
		32E2F1EF14D0929F00191C6F /* CoreGraphics.framework */ = {isa = PBXFileReference; lastKnownFileType = wrapper.framework; name = CoreGraphics.framework; path = System/Library/Frameworks/CoreGraphics.framework; sourceTree = SDKROOT; };
		32E2F1F114D0929F00191C6F /* CoreData.framework */ = {isa = PBXFileReference; lastKnownFileType = wrapper.framework; name = CoreData.framework; path = System/Library/Frameworks/CoreData.framework; sourceTree = SDKROOT; };
		32E2F1F514D0929F00191C6F /* Emotish-Info.plist */ = {isa = PBXFileReference; lastKnownFileType = text.plist.xml; path = "Emotish-Info.plist"; sourceTree = "<group>"; };
		32E2F1F714D0929F00191C6F /* en */ = {isa = PBXFileReference; lastKnownFileType = text.plist.strings; name = en; path = en.lproj/InfoPlist.strings; sourceTree = "<group>"; };
		32E2F1F914D0929F00191C6F /* main.m */ = {isa = PBXFileReference; lastKnownFileType = sourcecode.c.objc; path = main.m; sourceTree = "<group>"; };
		32E2F1FB14D0929F00191C6F /* Emotish-Prefix.pch */ = {isa = PBXFileReference; lastKnownFileType = sourcecode.c.h; path = "Emotish-Prefix.pch"; sourceTree = "<group>"; };
		32E2F1FC14D0929F00191C6F /* EmotishAppDelegate.h */ = {isa = PBXFileReference; lastKnownFileType = sourcecode.c.h; path = EmotishAppDelegate.h; sourceTree = "<group>"; };
		32E2F1FD14D0929F00191C6F /* EmotishAppDelegate.m */ = {isa = PBXFileReference; lastKnownFileType = sourcecode.c.objc; path = EmotishAppDelegate.m; sourceTree = "<group>"; };
		32E2F20014D0929F00191C6F /* Emotish.xcdatamodel */ = {isa = PBXFileReference; lastKnownFileType = wrapper.xcdatamodel; path = Emotish.xcdatamodel; sourceTree = "<group>"; };
		32E2F20B14D0931400191C6F /* GalleryViewController.h */ = {isa = PBXFileReference; fileEncoding = 4; lastKnownFileType = sourcecode.c.h; name = GalleryViewController.h; path = classes/GalleryViewController.h; sourceTree = "<group>"; };
		32E2F20C14D0931400191C6F /* GalleryViewController.m */ = {isa = PBXFileReference; fileEncoding = 4; lastKnownFileType = sourcecode.c.objc; name = GalleryViewController.m; path = classes/GalleryViewController.m; sourceTree = "<group>"; };
		32E2F20D14D0931400191C6F /* GalleryViewController.xib */ = {isa = PBXFileReference; fileEncoding = 4; lastKnownFileType = file.xib; name = GalleryViewController.xib; path = classes/GalleryViewController.xib; sourceTree = "<group>"; };
/* End PBXFileReference section */

/* Begin PBXFrameworksBuildPhase section */
		32E2F1E414D0929F00191C6F /* Frameworks */ = {
			isa = PBXFrameworksBuildPhase;
			buildActionMask = 2147483647;
			files = (
				326127CA14DCC25E001FD065 /* QuartzCore.framework in Frameworks */,
				32E2F1EC14D0929F00191C6F /* UIKit.framework in Frameworks */,
				32E2F1EE14D0929F00191C6F /* Foundation.framework in Frameworks */,
				32E2F1F014D0929F00191C6F /* CoreGraphics.framework in Frameworks */,
				32E2F1F214D0929F00191C6F /* CoreData.framework in Frameworks */,
			);
			runOnlyForDeploymentPostprocessing = 0;
		};
/* End PBXFrameworksBuildPhase section */

/* Begin PBXGroup section */
		323B2FCF14D759E50035BF74 /* PhotosStripViewController */ = {
			isa = PBXGroup;
			children = (
				327BE6E514D74EAE0051C549 /* PhotosStripViewController.h */,
				327BE6E614D74EAE0051C549 /* PhotosStripViewController.m */,
				327BE6E714D74EAE0051C549 /* PhotosStripViewController.xib */,
				329D112D14D9B0BD00F69263 /* PhotoView.h */,
				329D112E14D9B0BD00F69263 /* PhotoView.m */,
				329D113014D9DBF900F69263 /* ClipView.h */,
				329D113114D9DBF900F69263 /* ClipView.m */,
			);
			name = PhotosStripViewController;
			sourceTree = "<group>";
		};
		3241E5DD14D30BA300D46F63 /* Test Photos */ = {
			isa = PBXGroup;
			children = (
				328A4B1814D86D7500D07DCB /* aggressive-1.jpg */,
				328A4B1914D86D7500D07DCB /* aggressive-2.jpg */,
				328A4B1A14D86D7500D07DCB /* aggressive-3.jpg */,
				328A4B1B14D86D7500D07DCB /* aggressive-4.jpg */,
				328A4B1C14D86D7500D07DCB /* aggressive-5.jpg */,
				328A4B1D14D86D7500D07DCB /* aggressive-6.jpg */,
				328A4B1E14D86D7500D07DCB /* aggressive-7.jpg */,
				328A4B1F14D86D7500D07DCB /* aggressive-8.jpg */,
				328A4B2014D86D7500D07DCB /* aggressive-9.jpg */,
				328A4B2114D86D7500D07DCB /* aggressive-10.jpg */,
				328A4B2214D86D7500D07DCB /* aggressive-11.jpg */,
				328A4B2314D86D7500D07DCB /* bored-1.jpg */,
				328A4B2414D86D7500D07DCB /* bored-2.jpg */,
				328A4B2514D86D7500D07DCB /* bored-3.jpg */,
				328A4B2614D86D7500D07DCB /* bored-4.jpg */,
				328A4B2714D86D7500D07DCB /* bored-5.jpg */,
				328A4B2814D86D7500D07DCB /* bored-6.jpg */,
				328A4B2914D86D7500D07DCB /* bored-7.jpg */,
				328A4B2A14D86D7500D07DCB /* bored-8.jpg */,
				328A4B2B14D86D7500D07DCB /* bored-9.jpg */,
				328A4B2C14D86D7500D07DCB /* bored-10.jpg */,
				328A4B2D14D86D7500D07DCB /* bored-11.jpg */,
				328A4B2E14D86D7500D07DCB /* bored-12.jpg */,
				328A4B2F14D86D7500D07DCB /* clever-1.jpg */,
				328A4B3014D86D7500D07DCB /* clever-2.jpg */,
				328A4B3114D86D7500D07DCB /* clever-3.jpg */,
				328A4B3214D86D7500D07DCB /* clever-4.jpg */,
				328A4B3314D86D7500D07DCB /* content-1.jpg */,
				328A4B3414D86D7500D07DCB /* content-2.jpg */,
				328A4B3514D86D7500D07DCB /* content-3.jpg */,
				328A4B3614D86D7500D07DCB /* content-4.jpg */,
				328A4B3714D86D7500D07DCB /* euphoric-1.jpg */,
				328A4B3814D86D7500D07DCB /* euphoric-2.jpg */,
				328A4B3914D86D7500D07DCB /* euphoric-3.jpg */,
				328A4B3A14D86D7500D07DCB /* euphoric-4.jpg */,
				328A4B3B14D86D7500D07DCB /* frantic-1.jpg */,
				328A4B3C14D86D7500D07DCB /* frantic-2.jpg */,
				328A4B3D14D86D7500D07DCB /* frantic-3.jpg */,
				328A4B3E14D86D7500D07DCB /* frantic-4.jpg */,
				328A4B3F14D86D7500D07DCB /* frustrated-1.jpg */,
				328A4B4014D86D7500D07DCB /* frustrated-2.jpg */,
				328A4B4114D86D7500D07DCB /* frustrated-4.jpg */,
				328A4B4214D86D7500D07DCB /* lucky-1.jpg */,
				328A4B4314D86D7500D07DCB /* lucky-2.jpg */,
				328A4B4414D86D7500D07DCB /* lucky-3.jpg */,
				328A4B4514D86D7500D07DCB /* lucky-4.jpg */,
				328A4B4614D86D7500D07DCB /* pissedoff-1.jpg */,
				328A4B4714D86D7500D07DCB /* pissedoff-2.jpg */,
				328A4B4814D86D7500D07DCB /* pissedoff-3.jpg */,
				328A4B4914D86D7500D07DCB /* pissedoff-4.jpg */,
				328A4B4A14D86D7500D07DCB /* pouting-1.jpg */,
				328A4B4B14D86D7500D07DCB /* pouting-2.jpg */,
				328A4B4C14D86D7500D07DCB /* pouting-3.jpg */,
				328A4B4D14D86D7500D07DCB /* pouting-4.jpg */,
				328A4B4E14D86D7500D07DCB /* silly-1.jpg */,
				328A4B4F14D86D7500D07DCB /* silly-2.jpg */,
				328A4B5014D86D7500D07DCB /* silly-3.jpg */,
				328A4B5114D86D7500D07DCB /* silly-4.jpg */,
				328A4B5214D86D7500D07DCB /* sneaky-1.jpg */,
				328A4B5314D86D7500D07DCB /* sneaky-2.jpg */,
				328A4B5414D86D7500D07DCB /* sneaky-3.jpg */,
				328A4B5514D86D7500D07DCB /* sneaky-4.jpg */,
				328A4B5614D86D7500D07DCB /* sointense-1.jpg */,
				328A4B5714D86D7500D07DCB /* sointense-2.jpg */,
				328A4B5814D86D7500D07DCB /* sointense-3.jpg */,
				328A4B5914D86D7500D07DCB /* sointense-4.jpg */,
				328A4B5A14D86D7500D07DCB /* toocool-1.jpg */,
				328A4B5B14D86D7500D07DCB /* toocool-2.jpg */,
				328A4B5C14D86D7500D07DCB /* toocool-3.jpg */,
				328A4B5D14D86D7500D07DCB /* toocool-4.jpg */,
				328A4B5E14D86D7500D07DCB /* unicorn-1.jpg */,
				328A4B5F14D86D7500D07DCB /* unicorn-2.jpg */,
				328A4B6014D86D7500D07DCB /* unicorn-3.jpg */,
				328A4B6114D86D7500D07DCB /* unicorn-4.jpg */,
				328A4B6214D86D7500D07DCB /* unlucky-1.jpg */,
				328A4B6314D86D7500D07DCB /* unlucky-3.jpg */,
				328A4B6414D86D7500D07DCB /* unlucky-4.jpg */,
				328A4B6514D86D7500D07DCB /* utterdespair-1.jpg */,
				328A4B6614D86D7500D07DCB /* utterdespair-2.jpg */,
				328A4B6714D86D7500D07DCB /* utterdespair-3.jpg */,
				328A4B6814D86D7500D07DCB /* utterdespair-4.jpg */,
				328A4B6914D86D7500D07DCB /* vindictive-1.jpg */,
				328A4B6A14D86D7500D07DCB /* vindictive-2.jpg */,
				328A4B6B14D86D7500D07DCB /* vindictive-3.jpg */,
				328A4B6C14D86D7500D07DCB /* vindictive-4.jpg */,
			);
			name = "Test Photos";
			sourceTree = "<group>";
		};
		3241E5DF14D30BB200D46F63 /* Elements */ = {
			isa = PBXGroup;
			children = (
				3244017214D99D950056DC81 /* top_bar_with_branding_rounded.png */,
				3244017314D99D950056DC81 /* top_bar_with_branding_rounded@2x.png */,
				322C4E5214E314D70012FA78 /* bottom_bar.png */,
				322C4E5314E314D70012FA78 /* bottom_bar@2x.png */,
				322C4E5714E31AC50012FA78 /* bottom_bar_smaller.png */,
				322C4E5814E31AC50012FA78 /* bottom_bar_smaller@2x.png */,
				326127CC14DCCCA4001FD065 /* flag_stretch_arrow.png */,
				326127CD14DCCCA4001FD065 /* flag_stretch_arrow@2x.png */,
				322C4E5B14E325C00012FA78 /* btn_camera_touch.png */,
				322C4E5C14E325C00012FA78 /* btn_camera_touch@2x.png */,
				322C4E5D14E325C00012FA78 /* btn_camera.png */,
				322C4E5E14E325C00012FA78 /* btn_camera@2x.png */,
			);
			name = Elements;
			sourceTree = "<group>";
		};
		3299A14A14D097560017FAEF /* Shared */ = {
			isa = PBXGroup;
			children = (
				3241E5EC14D3340B00D46F63 /* ViewConstants.h */,
				323B2FD414D765250035BF74 /* UIColor+Emotish.h */,
				323B2FD514D765250035BF74 /* UIColor+Emotish.m */,
			);
			name = Shared;
			sourceTree = "<group>";
		};
		3299A14B14D0A8F60017FAEF /* images */ = {
			isa = PBXGroup;
			children = (
				3241E5DF14D30BB200D46F63 /* Elements */,
				3241E5DD14D30BA300D46F63 /* Test Photos */,
			);
			name = images;
			path = Emotish/images;
			sourceTree = "<group>";
		};
		32E2F1DC14D0929E00191C6F = {
			isa = PBXGroup;
			children = (
				32E2F1F314D0929F00191C6F /* Emotish */,
				32E2F1EA14D0929F00191C6F /* Frameworks */,
				32E2F1E814D0929F00191C6F /* Products */,
				3299A14B14D0A8F60017FAEF /* images */,
				3244017A14D9A0F30056DC81 /* icon.png */,
				3244017C14D9A0F80056DC81 /* icon@2x.png */,
				3244017E14D9A47D0056DC81 /* Default.png */,
				3244018014D9A4810056DC81 /* Default@2x.png */,
			);
			sourceTree = "<group>";
		};
		32E2F1E814D0929F00191C6F /* Products */ = {
			isa = PBXGroup;
			children = (
				32E2F1E714D0929F00191C6F /* Emotish.app */,
			);
			name = Products;
			sourceTree = "<group>";
		};
		32E2F1EA14D0929F00191C6F /* Frameworks */ = {
			isa = PBXGroup;
			children = (
				326127C914DCC25E001FD065 /* QuartzCore.framework */,
				32E2F1EB14D0929F00191C6F /* UIKit.framework */,
				32E2F1ED14D0929F00191C6F /* Foundation.framework */,
				32E2F1EF14D0929F00191C6F /* CoreGraphics.framework */,
				32E2F1F114D0929F00191C6F /* CoreData.framework */,
			);
			name = Frameworks;
			sourceTree = "<group>";
		};
		32E2F1F314D0929F00191C6F /* Emotish */ = {
			isa = PBXGroup;
			children = (
				32E2F1FC14D0929F00191C6F /* EmotishAppDelegate.h */,
				32E2F1FD14D0929F00191C6F /* EmotishAppDelegate.m */,
				3299A14A14D097560017FAEF /* Shared */,
				32E2F20A14D092B800191C6F /* GalleryViewController */,
				323B2FCF14D759E50035BF74 /* PhotosStripViewController */,
				32E2F20714D092B100191C6F /* Data Models */,
				32E2F1F414D0929F00191C6F /* Supporting Files */,
			);
			path = Emotish;
			sourceTree = "<group>";
		};
		32E2F1F414D0929F00191C6F /* Supporting Files */ = {
			isa = PBXGroup;
			children = (
				32E2F1F514D0929F00191C6F /* Emotish-Info.plist */,
				32E2F1F614D0929F00191C6F /* InfoPlist.strings */,
				32E2F1F914D0929F00191C6F /* main.m */,
				32E2F1FB14D0929F00191C6F /* Emotish-Prefix.pch */,
			);
			name = "Supporting Files";
			sourceTree = "<group>";
		};
		32E2F20714D092B100191C6F /* Data Models */ = {
			isa = PBXGroup;
			children = (
				32E2F1FF14D0929F00191C6F /* Emotish.xcdatamodeld */,
				323B2FE414D77C4A0035BF74 /* Feeling.h */,
				323B2FE514D77C4A0035BF74 /* Feeling.m */,
				323B2FE114D77C4A0035BF74 /* Photo.h */,
				323B2FE214D77C4A0035BF74 /* Photo.m */,
				323B2FDE14D77C4A0035BF74 /* User.h */,
				323B2FDF14D77C4A0035BF74 /* User.m */,
				323B2FDB14D77B0E0035BF74 /* CoreDataManager.h */,
				323B2FDC14D77B0E0035BF74 /* CoreDataManager.m */,
			);
			name = "Data Models";
			sourceTree = "<group>";
		};
		32E2F20A14D092B800191C6F /* GalleryViewController */ = {
			isa = PBXGroup;
			children = (
				3299A14214D095B20017FAEF /* GalleryConstants.h */,
				32E2F20B14D0931400191C6F /* GalleryViewController.h */,
				32E2F20C14D0931400191C6F /* GalleryViewController.m */,
				32E2F20D14D0931400191C6F /* GalleryViewController.xib */,
				3299A14414D0967A0017FAEF /* GalleryFeelingCell.h */,
				3299A14514D0967A0017FAEF /* GalleryFeelingCell.m */,
				3299A14714D096890017FAEF /* GalleryFeelingImageCell.h */,
				3299A14814D096890017FAEF /* GalleryFeelingImageCell.m */,
				329E2C4114DCBCE5004AE89D /* FlagStretchView.h */,
				329E2C4214DCBCE5004AE89D /* FlagStretchView.m */,
			);
			name = GalleryViewController;
			sourceTree = "<group>";
		};
/* End PBXGroup section */

/* Begin PBXNativeTarget section */
		32E2F1E614D0929F00191C6F /* Emotish */ = {
			isa = PBXNativeTarget;
			buildConfigurationList = 32E2F20414D0929F00191C6F /* Build configuration list for PBXNativeTarget "Emotish" */;
			buildPhases = (
				32E2F1E314D0929F00191C6F /* Sources */,
				32E2F1E414D0929F00191C6F /* Frameworks */,
				32E2F1E514D0929F00191C6F /* Resources */,
			);
			buildRules = (
			);
			dependencies = (
			);
			name = Emotish;
			productName = Emotish;
			productReference = 32E2F1E714D0929F00191C6F /* Emotish.app */;
			productType = "com.apple.product-type.application";
		};
/* End PBXNativeTarget section */

/* Begin PBXProject section */
		32E2F1DE14D0929E00191C6F /* Project object */ = {
			isa = PBXProject;
			attributes = {
				LastUpgradeCheck = 0420;
			};
			buildConfigurationList = 32E2F1E114D0929E00191C6F /* Build configuration list for PBXProject "Emotish" */;
			compatibilityVersion = "Xcode 3.2";
			developmentRegion = English;
			hasScannedForEncodings = 0;
			knownRegions = (
				en,
			);
			mainGroup = 32E2F1DC14D0929E00191C6F;
			productRefGroup = 32E2F1E814D0929F00191C6F /* Products */;
			projectDirPath = "";
			projectRoot = "";
			targets = (
				32E2F1E614D0929F00191C6F /* Emotish */,
			);
		};
/* End PBXProject section */

/* Begin PBXResourcesBuildPhase section */
		32E2F1E514D0929F00191C6F /* Resources */ = {
			isa = PBXResourcesBuildPhase;
			buildActionMask = 2147483647;
			files = (
				32E2F1F814D0929F00191C6F /* InfoPlist.strings in Resources */,
				32E2F20F14D0931400191C6F /* GalleryViewController.xib in Resources */,
				327BE6E914D74EAE0051C549 /* PhotosStripViewController.xib in Resources */,
				328A4B6D14D86D7500D07DCB /* aggressive-1.jpg in Resources */,
				328A4B6E14D86D7500D07DCB /* aggressive-2.jpg in Resources */,
				328A4B6F14D86D7500D07DCB /* aggressive-3.jpg in Resources */,
				328A4B7014D86D7500D07DCB /* aggressive-4.jpg in Resources */,
				328A4B7114D86D7500D07DCB /* aggressive-5.jpg in Resources */,
				328A4B7214D86D7500D07DCB /* aggressive-6.jpg in Resources */,
				328A4B7314D86D7500D07DCB /* aggressive-7.jpg in Resources */,
				328A4B7414D86D7500D07DCB /* aggressive-8.jpg in Resources */,
				328A4B7514D86D7500D07DCB /* aggressive-9.jpg in Resources */,
				328A4B7614D86D7500D07DCB /* aggressive-10.jpg in Resources */,
				328A4B7714D86D7500D07DCB /* aggressive-11.jpg in Resources */,
				328A4B7814D86D7500D07DCB /* bored-1.jpg in Resources */,
				328A4B7914D86D7500D07DCB /* bored-2.jpg in Resources */,
				328A4B7A14D86D7500D07DCB /* bored-3.jpg in Resources */,
				328A4B7B14D86D7500D07DCB /* bored-4.jpg in Resources */,
				328A4B7C14D86D7500D07DCB /* bored-5.jpg in Resources */,
				328A4B7D14D86D7500D07DCB /* bored-6.jpg in Resources */,
				328A4B7E14D86D7500D07DCB /* bored-7.jpg in Resources */,
				328A4B7F14D86D7500D07DCB /* bored-8.jpg in Resources */,
				328A4B8014D86D7500D07DCB /* bored-9.jpg in Resources */,
				328A4B8114D86D7500D07DCB /* bored-10.jpg in Resources */,
				328A4B8214D86D7500D07DCB /* bored-11.jpg in Resources */,
				328A4B8314D86D7500D07DCB /* bored-12.jpg in Resources */,
				328A4B8414D86D7500D07DCB /* clever-1.jpg in Resources */,
				328A4B8514D86D7500D07DCB /* clever-2.jpg in Resources */,
				328A4B8614D86D7500D07DCB /* clever-3.jpg in Resources */,
				328A4B8714D86D7500D07DCB /* clever-4.jpg in Resources */,
				328A4B8814D86D7500D07DCB /* content-1.jpg in Resources */,
				328A4B8914D86D7500D07DCB /* content-2.jpg in Resources */,
				328A4B8A14D86D7500D07DCB /* content-3.jpg in Resources */,
				328A4B8B14D86D7500D07DCB /* content-4.jpg in Resources */,
				328A4B8C14D86D7500D07DCB /* euphoric-1.jpg in Resources */,
				328A4B8D14D86D7500D07DCB /* euphoric-2.jpg in Resources */,
				328A4B8E14D86D7500D07DCB /* euphoric-3.jpg in Resources */,
				328A4B8F14D86D7500D07DCB /* euphoric-4.jpg in Resources */,
				328A4B9014D86D7500D07DCB /* frantic-1.jpg in Resources */,
				328A4B9114D86D7500D07DCB /* frantic-2.jpg in Resources */,
				328A4B9214D86D7500D07DCB /* frantic-3.jpg in Resources */,
				328A4B9314D86D7500D07DCB /* frantic-4.jpg in Resources */,
				328A4B9414D86D7500D07DCB /* frustrated-1.jpg in Resources */,
				328A4B9514D86D7500D07DCB /* frustrated-2.jpg in Resources */,
				328A4B9614D86D7500D07DCB /* frustrated-4.jpg in Resources */,
				328A4B9714D86D7500D07DCB /* lucky-1.jpg in Resources */,
				328A4B9814D86D7500D07DCB /* lucky-2.jpg in Resources */,
				328A4B9914D86D7500D07DCB /* lucky-3.jpg in Resources */,
				328A4B9A14D86D7500D07DCB /* lucky-4.jpg in Resources */,
				328A4B9B14D86D7500D07DCB /* pissedoff-1.jpg in Resources */,
				328A4B9C14D86D7500D07DCB /* pissedoff-2.jpg in Resources */,
				328A4B9D14D86D7500D07DCB /* pissedoff-3.jpg in Resources */,
				328A4B9E14D86D7500D07DCB /* pissedoff-4.jpg in Resources */,
				328A4B9F14D86D7500D07DCB /* pouting-1.jpg in Resources */,
				328A4BA014D86D7500D07DCB /* pouting-2.jpg in Resources */,
				328A4BA114D86D7500D07DCB /* pouting-3.jpg in Resources */,
				328A4BA214D86D7500D07DCB /* pouting-4.jpg in Resources */,
				328A4BA314D86D7500D07DCB /* silly-1.jpg in Resources */,
				328A4BA414D86D7500D07DCB /* silly-2.jpg in Resources */,
				328A4BA514D86D7500D07DCB /* silly-3.jpg in Resources */,
				328A4BA614D86D7500D07DCB /* silly-4.jpg in Resources */,
				328A4BA714D86D7500D07DCB /* sneaky-1.jpg in Resources */,
				328A4BA814D86D7500D07DCB /* sneaky-2.jpg in Resources */,
				328A4BA914D86D7500D07DCB /* sneaky-3.jpg in Resources */,
				328A4BAA14D86D7500D07DCB /* sneaky-4.jpg in Resources */,
				328A4BAB14D86D7500D07DCB /* sointense-1.jpg in Resources */,
				328A4BAC14D86D7500D07DCB /* sointense-2.jpg in Resources */,
				328A4BAD14D86D7500D07DCB /* sointense-3.jpg in Resources */,
				328A4BAE14D86D7500D07DCB /* sointense-4.jpg in Resources */,
				328A4BAF14D86D7500D07DCB /* toocool-1.jpg in Resources */,
				328A4BB014D86D7500D07DCB /* toocool-2.jpg in Resources */,
				328A4BB114D86D7500D07DCB /* toocool-3.jpg in Resources */,
				328A4BB214D86D7500D07DCB /* toocool-4.jpg in Resources */,
				328A4BB314D86D7500D07DCB /* unicorn-1.jpg in Resources */,
				328A4BB414D86D7500D07DCB /* unicorn-2.jpg in Resources */,
				328A4BB514D86D7500D07DCB /* unicorn-3.jpg in Resources */,
				328A4BB614D86D7500D07DCB /* unicorn-4.jpg in Resources */,
				328A4BB714D86D7500D07DCB /* unlucky-1.jpg in Resources */,
				328A4BB814D86D7500D07DCB /* unlucky-3.jpg in Resources */,
				328A4BB914D86D7500D07DCB /* unlucky-4.jpg in Resources */,
				328A4BBA14D86D7500D07DCB /* utterdespair-1.jpg in Resources */,
				328A4BBB14D86D7500D07DCB /* utterdespair-2.jpg in Resources */,
				328A4BBC14D86D7500D07DCB /* utterdespair-3.jpg in Resources */,
				328A4BBD14D86D7500D07DCB /* utterdespair-4.jpg in Resources */,
				328A4BBE14D86D7500D07DCB /* vindictive-1.jpg in Resources */,
				328A4BBF14D86D7500D07DCB /* vindictive-2.jpg in Resources */,
				328A4BC014D86D7500D07DCB /* vindictive-3.jpg in Resources */,
				328A4BC114D86D7500D07DCB /* vindictive-4.jpg in Resources */,
				3244017414D99D950056DC81 /* top_bar_with_branding_rounded.png in Resources */,
				3244017514D99D950056DC81 /* top_bar_with_branding_rounded@2x.png in Resources */,
				3244017B14D9A0F30056DC81 /* icon.png in Resources */,
				3244017D14D9A0F80056DC81 /* icon@2x.png in Resources */,
				3244017F14D9A47D0056DC81 /* Default.png in Resources */,
				3244018114D9A4810056DC81 /* Default@2x.png in Resources */,
				326127CE14DCCCA4001FD065 /* flag_stretch_arrow.png in Resources */,
				326127CF14DCCCA4001FD065 /* flag_stretch_arrow@2x.png in Resources */,
				322C4E5414E314D70012FA78 /* bottom_bar.png in Resources */,
				322C4E5514E314D70012FA78 /* bottom_bar@2x.png in Resources */,
				322C4E5914E31AC50012FA78 /* bottom_bar_smaller.png in Resources */,
				322C4E5A14E31AC50012FA78 /* bottom_bar_smaller@2x.png in Resources */,
				322C4E5F14E325C00012FA78 /* btn_camera_touch.png in Resources */,
				322C4E6014E325C00012FA78 /* btn_camera_touch@2x.png in Resources */,
				322C4E6114E325C00012FA78 /* btn_camera.png in Resources */,
				322C4E6214E325C00012FA78 /* btn_camera@2x.png in Resources */,
			);
			runOnlyForDeploymentPostprocessing = 0;
		};
/* End PBXResourcesBuildPhase section */

/* Begin PBXSourcesBuildPhase section */
		32E2F1E314D0929F00191C6F /* Sources */ = {
			isa = PBXSourcesBuildPhase;
			buildActionMask = 2147483647;
			files = (
				32E2F1FA14D0929F00191C6F /* main.m in Sources */,
				32E2F1FE14D0929F00191C6F /* EmotishAppDelegate.m in Sources */,
				32E2F20114D0929F00191C6F /* Emotish.xcdatamodeld in Sources */,
				32E2F20E14D0931400191C6F /* GalleryViewController.m in Sources */,
				3299A14614D0967A0017FAEF /* GalleryFeelingCell.m in Sources */,
				3299A14914D096890017FAEF /* GalleryFeelingImageCell.m in Sources */,
				327BE6E814D74EAE0051C549 /* PhotosStripViewController.m in Sources */,
				323B2FD614D765250035BF74 /* UIColor+Emotish.m in Sources */,
				323B2FDD14D77B0E0035BF74 /* CoreDataManager.m in Sources */,
				323B2FE014D77C4A0035BF74 /* User.m in Sources */,
				323B2FE314D77C4A0035BF74 /* Photo.m in Sources */,
				323B2FE614D77C4A0035BF74 /* Feeling.m in Sources */,
				329D112F14D9B0BD00F69263 /* PhotoView.m in Sources */,
				329D113214D9DBF900F69263 /* ClipView.m in Sources */,
				329E2C4314DCBCE5004AE89D /* FlagStretchView.m in Sources */,
			);
			runOnlyForDeploymentPostprocessing = 0;
		};
/* End PBXSourcesBuildPhase section */

/* Begin PBXVariantGroup section */
		32E2F1F614D0929F00191C6F /* InfoPlist.strings */ = {
			isa = PBXVariantGroup;
			children = (
				32E2F1F714D0929F00191C6F /* en */,
			);
			name = InfoPlist.strings;
			sourceTree = "<group>";
		};
/* End PBXVariantGroup section */

/* Begin XCBuildConfiguration section */
		32E2F20214D0929F00191C6F /* Debug */ = {
			isa = XCBuildConfiguration;
			buildSettings = {
				ALWAYS_SEARCH_USER_PATHS = NO;
				ARCHS = "$(ARCHS_STANDARD_32_BIT)";
				CLANG_ENABLE_OBJC_ARC = YES;
				"CODE_SIGN_IDENTITY[sdk=iphoneos*]" = "iPhone Developer";
				COPY_PHASE_STRIP = NO;
				GCC_C_LANGUAGE_STANDARD = gnu99;
				GCC_DYNAMIC_NO_PIC = NO;
				GCC_OPTIMIZATION_LEVEL = 0;
				GCC_PREPROCESSOR_DEFINITIONS = (
					"DEBUG=1",
					"$(inherited)",
				);
				GCC_SYMBOLS_PRIVATE_EXTERN = NO;
				GCC_VERSION = com.apple.compilers.llvm.clang.1_0;
				GCC_WARN_ABOUT_MISSING_PROTOTYPES = YES;
				GCC_WARN_ABOUT_RETURN_TYPE = YES;
				GCC_WARN_UNUSED_VARIABLE = YES;
				IPHONEOS_DEPLOYMENT_TARGET = 4.0;
				SDKROOT = iphoneos;
			};
			name = Debug;
		};
		32E2F20314D0929F00191C6F /* Release */ = {
			isa = XCBuildConfiguration;
			buildSettings = {
				ALWAYS_SEARCH_USER_PATHS = NO;
				ARCHS = "$(ARCHS_STANDARD_32_BIT)";
				CLANG_ENABLE_OBJC_ARC = YES;
				"CODE_SIGN_IDENTITY[sdk=iphoneos*]" = "iPhone Developer";
				COPY_PHASE_STRIP = YES;
				GCC_C_LANGUAGE_STANDARD = gnu99;
				GCC_VERSION = com.apple.compilers.llvm.clang.1_0;
				GCC_WARN_ABOUT_MISSING_PROTOTYPES = YES;
				GCC_WARN_ABOUT_RETURN_TYPE = YES;
				GCC_WARN_UNUSED_VARIABLE = YES;
				IPHONEOS_DEPLOYMENT_TARGET = 4.0;
				OTHER_CFLAGS = "-DNS_BLOCK_ASSERTIONS=1";
				SDKROOT = iphoneos;
				VALIDATE_PRODUCT = YES;
			};
			name = Release;
		};
		32E2F20514D0929F00191C6F /* Debug */ = {
			isa = XCBuildConfiguration;
			buildSettings = {
				GCC_PRECOMPILE_PREFIX_HEADER = YES;
				GCC_PREFIX_HEADER = "Emotish/Emotish-Prefix.pch";
				INFOPLIST_FILE = "Emotish/Emotish-Info.plist";
				IPHONEOS_DEPLOYMENT_TARGET = 4.0;
				PRODUCT_NAME = "$(TARGET_NAME)";
				WRAPPER_EXTENSION = app;
			};
			name = Debug;
		};
		32E2F20614D0929F00191C6F /* Release */ = {
			isa = XCBuildConfiguration;
			buildSettings = {
				ARCHS = (
					armv6,
					armv7,
				);
				GCC_PRECOMPILE_PREFIX_HEADER = YES;
				GCC_PREFIX_HEADER = "Emotish/Emotish-Prefix.pch";
				INFOPLIST_FILE = "Emotish/Emotish-Info.plist";
				IPHONEOS_DEPLOYMENT_TARGET = 4.0;
				PRODUCT_NAME = "$(TARGET_NAME)";
				WRAPPER_EXTENSION = app;
			};
			name = Release;
		};
/* End XCBuildConfiguration section */

/* Begin XCConfigurationList section */
		32E2F1E114D0929E00191C6F /* Build configuration list for PBXProject "Emotish" */ = {
			isa = XCConfigurationList;
			buildConfigurations = (
				32E2F20214D0929F00191C6F /* Debug */,
				32E2F20314D0929F00191C6F /* Release */,
			);
			defaultConfigurationIsVisible = 0;
			defaultConfigurationName = Release;
		};
		32E2F20414D0929F00191C6F /* Build configuration list for PBXNativeTarget "Emotish" */ = {
			isa = XCConfigurationList;
			buildConfigurations = (
				32E2F20514D0929F00191C6F /* Debug */,
				32E2F20614D0929F00191C6F /* Release */,
			);
			defaultConfigurationIsVisible = 0;
			defaultConfigurationName = Release;
		};
/* End XCConfigurationList section */

/* Begin XCVersionGroup section */
		32E2F1FF14D0929F00191C6F /* Emotish.xcdatamodeld */ = {
			isa = XCVersionGroup;
			children = (
				3263210C14DC7AE400E2E10A /* Emotish 002.xcdatamodel */,
				323B2FCD14D753F00035BF74 /* Emotish 001.xcdatamodel */,
				32E2F20014D0929F00191C6F /* Emotish.xcdatamodel */,
			);
			currentVersion = 3263210C14DC7AE400E2E10A /* Emotish 002.xcdatamodel */;
			path = Emotish.xcdatamodeld;
			sourceTree = "<group>";
			versionGroupType = wrapper.xcdatamodel;
		};
/* End XCVersionGroup section */
	};
	rootObject = 32E2F1DE14D0929E00191C6F /* Project object */;
}
